
Microsoft Visual Studio Solution File, Format Version 12.00
# Visual Studio Version 17
VisualStudioVersion = 17.14.36401.2 d17.14
MinimumVisualStudioVersion = 10.0.40219.1
Project("{FAE04EC0-301F-11D3-BF4B-00C04F79EFBC}") = "BaiTap1", "BaiTap1\BaiTap1.csproj", "{9F29E806-221E-445E-8789-8112043ECDDC}"
EndProject
Global
	GlobalSection(SolutionConfigurationPlatforms) = preSolution
		Debug|Any CPU = Debug|Any CPU
		Release|Any CPU = Release|Any CPU
	EndGlobalSection
	GlobalSection(ProjectConfigurationPlatforms) = postSolution
		{9F29E806-221E-445E-8789-8112043ECDDC}.Debug|Any CPU.ActiveCfg = Debug|Any CPU
		{9F29E806-221E-445E-8789-8112043ECDDC}.Debug|Any CPU.Build.0 = Debug|Any CPU
		{9F29E806-221E-445E-8789-8112043ECDDC}.Release|Any CPU.ActiveCfg = Release|Any CPU
		{9F29E806-221E-445E-8789-8112043ECDDC}.Release|Any CPU.Build.0 = Release|Any CPU
	EndGlobalSection
	GlobalSection(SolutionProperties) = preSolution
		HideSolutionNode = FALSE
	EndGlobalSection
	GlobalSection(ExtensibilityGlobals) = postSolution
		SolutionGuid = {B93657CD-7A8D-44B7-92FE-FB0327240D5B}
	EndGlobalSection
EndGlobal
