
Microsoft Visual Studio Solution File, Format Version 12.00
# Visual Studio Version 17
VisualStudioVersion = 17.14.36401.2 d17.14
MinimumVisualStudioVersion = 10.0.40219.1
Project("{FAE04EC0-301F-11D3-BF4B-00C04F79EFBC}") = "Day05Lap_Model", "Day05Lap_Model\Day05Lap_Model.csproj", "{7B954E6D-8B1B-4D55-A52F-55D7A50A1DBB}"
EndProject
Global
	GlobalSection(SolutionConfigurationPlatforms) = preSolution
		Debug|Any CPU = Debug|Any CPU
		Release|Any CPU = Release|Any CPU
	EndGlobalSection
	GlobalSection(ProjectConfigurationPlatforms) = postSolution
		{7B954E6D-8B1B-4D55-A52F-55D7A50A1DBB}.Debug|Any CPU.ActiveCfg = Debug|Any CPU
		{7B954E6D-8B1B-4D55-A52F-55D7A50A1DBB}.Debug|Any CPU.Build.0 = Debug|Any CPU
		{7B954E6D-8B1B-4D55-A52F-55D7A50A1DBB}.Release|Any CPU.ActiveCfg = Release|Any CPU
		{7B954E6D-8B1B-4D55-A52F-55D7A50A1DBB}.Release|Any CPU.Build.0 = Release|Any CPU
	EndGlobalSection
	GlobalSection(SolutionProperties) = preSolution
		HideSolutionNode = FALSE
	EndGlobalSection
	GlobalSection(ExtensibilityGlobals) = postSolution
		SolutionGuid = {14A0EA46-F12C-4B5E-89E5-C28383BF9780}
	EndGlobalSection
EndGlobal
