
Microsoft Visual Studio Solution File, Format Version 12.00
# Visual Studio Version 17
VisualStudioVersion = 17.14.36401.2 d17.14
MinimumVisualStudioVersion = 10.0.40219.1
Project("{FAE04EC0-301F-11D3-BF4B-00C04F79EFBC}") = "NetCoreLAB6_EF", "NetCoreLAB6_EF\NetCoreLAB6_EF.csproj", "{638B1BEE-6168-451B-A2B8-130934C03988}"
EndProject
Global
	GlobalSection(SolutionConfigurationPlatforms) = preSolution
		Debug|Any CPU = Debug|Any CPU
		Release|Any CPU = Release|Any CPU
	EndGlobalSection
	GlobalSection(ProjectConfigurationPlatforms) = postSolution
		{638B1BEE-6168-451B-A2B8-130934C03988}.Debug|Any CPU.ActiveCfg = Debug|Any CPU
		{638B1BEE-6168-451B-A2B8-130934C03988}.Debug|Any CPU.Build.0 = Debug|Any CPU
		{638B1BEE-6168-451B-A2B8-130934C03988}.Release|Any CPU.ActiveCfg = Release|Any CPU
		{638B1BEE-6168-451B-A2B8-130934C03988}.Release|Any CPU.Build.0 = Release|Any CPU
	EndGlobalSection
	GlobalSection(SolutionProperties) = preSolution
		HideSolutionNode = FALSE
	EndGlobalSection
	GlobalSection(ExtensibilityGlobals) = postSolution
		SolutionGuid = {6C22C3EA-0B91-4158-BFE5-3A3FD2EF1666}
	EndGlobalSection
EndGlobal
