
Microsoft Visual Studio Solution File, Format Version 12.00
# Visual Studio Version 17
VisualStudioVersion = 17.14.36401.2 d17.14
MinimumVisualStudioVersion = 10.0.40219.1
Project("{FAE04EC0-301F-11D3-BF4B-00C04F79EFBC}") = "THControllerandRouter", "THControllerandRouter\THControllerandRouter.csproj", "{A73D9950-6286-49C5-BAD6-036CCCD6346A}"
EndProject
Global
	GlobalSection(SolutionConfigurationPlatforms) = preSolution
		Debug|Any CPU = Debug|Any CPU
		Release|Any CPU = Release|Any CPU
	EndGlobalSection
	GlobalSection(ProjectConfigurationPlatforms) = postSolution
		{A73D9950-6286-49C5-BAD6-036CCCD6346A}.Debug|Any CPU.ActiveCfg = Debug|Any CPU
		{A73D9950-6286-49C5-BAD6-036CCCD6346A}.Debug|Any CPU.Build.0 = Debug|Any CPU
		{A73D9950-6286-49C5-BAD6-036CCCD6346A}.Release|Any CPU.ActiveCfg = Release|Any CPU
		{A73D9950-6286-49C5-BAD6-036CCCD6346A}.Release|Any CPU.Build.0 = Release|Any CPU
	EndGlobalSection
	GlobalSection(SolutionProperties) = preSolution
		HideSolutionNode = FALSE
	EndGlobalSection
	GlobalSection(ExtensibilityGlobals) = postSolution
		SolutionGuid = {7E2ECEA4-0E87-4756-BD01-AA2DA6455254}
	EndGlobalSection
EndGlobal
