
Microsoft Visual Studio Solution File, Format Version 12.00
# Visual Studio Version 17
VisualStudioVersion = 17.14.36401.2 d17.14
MinimumVisualStudioVersion = 10.0.40219.1
Project("{FAE04EC0-301F-11D3-BF4B-00C04F79EFBC}") = "Lap12_10", "Lap12_10\Lap12_10.csproj", "{A395BFE7-EB51-496F-AE9B-A2A022AA33EE}"
EndProject
Global
	GlobalSection(SolutionConfigurationPlatforms) = preSolution
		Debug|Any CPU = Debug|Any CPU
		Release|Any CPU = Release|Any CPU
	EndGlobalSection
	GlobalSection(ProjectConfigurationPlatforms) = postSolution
		{A395BFE7-EB51-496F-AE9B-A2A022AA33EE}.Debug|Any CPU.ActiveCfg = Debug|Any CPU
		{A395BFE7-EB51-496F-AE9B-A2A022AA33EE}.Debug|Any CPU.Build.0 = Debug|Any CPU
		{A395BFE7-EB51-496F-AE9B-A2A022AA33EE}.Release|Any CPU.ActiveCfg = Release|Any CPU
		{A395BFE7-EB51-496F-AE9B-A2A022AA33EE}.Release|Any CPU.Build.0 = Release|Any CPU
	EndGlobalSection
	GlobalSection(SolutionProperties) = preSolution
		HideSolutionNode = FALSE
	EndGlobalSection
	GlobalSection(ExtensibilityGlobals) = postSolution
		SolutionGuid = {01295627-E92E-4B65-90B5-743CD2A734AE}
	EndGlobalSection
EndGlobal
